
Microsoft Visual Studio Solution File, Format Version 12.00
# Visual Studio Version 17
VisualStudioVersion = 17.5.33516.290
MinimumVisualStudioVersion = 10.0.40219.1
Project("{FAE04EC0-301F-11D3-BF4B-00C04F79EFBC}") = "Projeto c#", "Projeto c#\Projeto c#.csproj", "{54B319AA-2F5A-4C2C-A13B-05606381F91F}"
EndProject
Global
	GlobalSection(SolutionConfigurationPlatforms) = preSolution
		Debug|Any CPU = Debug|Any CPU
		Release|Any CPU = Release|Any CPU
	EndGlobalSection
	GlobalSection(ProjectConfigurationPlatforms) = postSolution
		{54B319AA-2F5A-4C2C-A13B-05606381F91F}.Debug|Any CPU.ActiveCfg = Debug|Any CPU
		{54B319AA-2F5A-4C2C-A13B-05606381F91F}.Debug|Any CPU.Build.0 = Debug|Any CPU
		{54B319AA-2F5A-4C2C-A13B-05606381F91F}.Release|Any CPU.ActiveCfg = Release|Any CPU
		{54B319AA-2F5A-4C2C-A13B-05606381F91F}.Release|Any CPU.Build.0 = Release|Any CPU
	EndGlobalSection
	GlobalSection(SolutionProperties) = preSolution
		HideSolutionNode = FALSE
	EndGlobalSection
	GlobalSection(ExtensibilityGlobals) = postSolution
		SolutionGuid = {D4BEB8FE-1B65-4D09-8A1F-DC17C65A7335}
	EndGlobalSection
EndGlobal
